// !$*UTF8*$!
{
	archiveVersion = 1;
	classes = {
	};
	objectVersion = 46;
	objects = {

/* Begin PBXBuildFile section */
		1818D4E71CF937AB000A539E /* main.m in Sources */ = {isa = PBXBuildFile; fileRef = 1818D4E61CF937AB000A539E /* main.m */; };
		1818D4EA1CF937AB000A539E /* AppDelegate.m in Sources */ = {isa = PBXBuildFile; fileRef = 1818D4E91CF937AB000A539E /* AppDelegate.m */; };
		1818D4ED1CF937AB000A539E /* ViewController.m in Sources */ = {isa = PBXBuildFile; fileRef = 1818D4EC1CF937AB000A539E /* ViewController.m */; };
		1818D4F01CF937AB000A539E /* Main.storyboard in Resources */ = {isa = PBXBuildFile; fileRef = 1818D4EE1CF937AB000A539E /* Main.storyboard */; };
		1818D4F21CF937AB000A539E /* Assets.xcassets in Resources */ = {isa = PBXBuildFile; fileRef = 1818D4F11CF937AB000A539E /* Assets.xcassets */; };
		1818D4F51CF937AB000A539E /* LaunchScreen.storyboard in Resources */ = {isa = PBXBuildFile; fileRef = 1818D4F31CF937AB000A539E /* LaunchScreen.storyboard */; };
		1818D5021CF938EE000A539E /* ModalController.m in Sources */ = {isa = PBXBuildFile; fileRef = 1818D5011CF938EE000A539E /* ModalController.m */; };
		1818D5061CF93C6F000A539E /* 123.png in Resources */ = {isa = PBXBuildFile; fileRef = 1818D5051CF93C6F000A539E /* 123.png */; };
		1818D5091CF94440000A539E /* ModalItem.m in Sources */ = {isa = PBXBuildFile; fileRef = 1818D5081CF94440000A539E /* ModalItem.m */; };
		1818D5141CF94C7C000A539E /* addMatters@2x.png in Resources */ = {isa = PBXBuildFile; fileRef = 1818D50B1CF94C7C000A539E /* addMatters@2x.png */; };
		1818D5151CF94C7C000A539E /* addMatters@3x.png in Resources */ = {isa = PBXBuildFile; fileRef = 1818D50C1CF94C7C000A539E /* addMatters@3x.png */; };
		1818D5161CF94C7C000A539E /* addSchedule@2x.png in Resources */ = {isa = PBXBuildFile; fileRef = 1818D50D1CF94C7C000A539E /* addSchedule@2x.png */; };
		1818D5171CF94C7C000A539E /* addSchedule@3x.png in Resources */ = {isa = PBXBuildFile; fileRef = 1818D50E1CF94C7C000A539E /* addSchedule@3x.png */; };
		1818D5191CF94C7C000A539E /* searchContacts@2x.png in Resources */ = {isa = PBXBuildFile; fileRef = 1818D5101CF94C7C000A539E /* searchContacts@2x.png */; };
		1818D51A1CF94C7C000A539E /* searchContacts@3x.png in Resources */ = {isa = PBXBuildFile; fileRef = 1818D5111CF94C7C000A539E /* searchContacts@3x.png */; };
		1818D51B1CF94C7C000A539E /* setupChat@2x.png in Resources */ = {isa = PBXBuildFile; fileRef = 1818D5121CF94C7C000A539E /* setupChat@2x.png */; };
		1818D51C1CF94C7C000A539E /* setupChat@3x.png in Resources */ = {isa = PBXBuildFile; fileRef = 1818D5131CF94C7C000A539E /* setupChat@3x.png */; };
/* End PBXBuildFile section */

/* Begin PBXFileReference section */
		1818D4E21CF937AB000A539E /* WeiBoDemo.app */ = {isa = PBXFileReference; explicitFileType = wrapper.application; includeInIndex = 0; path = WeiBoDemo.app; sourceTree = BUILT_PRODUCTS_DIR; };
		1818D4E61CF937AB000A539E /* main.m */ = {isa = PBXFileReference; lastKnownFileType = sourcecode.c.objc; path = main.m; sourceTree = "<group>"; };
		1818D4E81CF937AB000A539E /* AppDelegate.h */ = {isa = PBXFileReference; lastKnownFileType = sourcecode.c.h; path = AppDelegate.h; sourceTree = "<group>"; };
		1818D4E91CF937AB000A539E /* AppDelegate.m */ = {isa = PBXFileReference; lastKnownFileType = sourcecode.c.objc; path = AppDelegate.m; sourceTree = "<group>"; };
		1818D4EB1CF937AB000A539E /* ViewController.h */ = {isa = PBXFileReference; lastKnownFileType = sourcecode.c.h; path = ViewController.h; sourceTree = "<group>"; };
		1818D4EC1CF937AB000A539E /* ViewController.m */ = {isa = PBXFileReference; lastKnownFileType = sourcecode.c.objc; path = ViewController.m; sourceTree = "<group>"; };
		1818D4EF1CF937AB000A539E /* Base */ = {isa = PBXFileReference; lastKnownFileType = file.storyboard; name = Base; path = Base.lproj/Main.storyboard; sourceTree = "<group>"; };
		1818D4F11CF937AB000A539E /* Assets.xcassets */ = {isa = PBXFileReference; lastKnownFileType = folder.assetcatalog; path = Assets.xcassets; sourceTree = "<group>"; };
		1818D4F41CF937AB000A539E /* Base */ = {isa = PBXFileReference; lastKnownFileType = file.storyboard; name = Base; path = Base.lproj/LaunchScreen.storyboard; sourceTree = "<group>"; };
		1818D4F61CF937AB000A539E /* Info.plist */ = {isa = PBXFileReference; lastKnownFileType = text.plist.xml; path = Info.plist; sourceTree = "<group>"; };
		1818D5001CF938EE000A539E /* ModalController.h */ = {isa = PBXFileReference; fileEncoding = 4; lastKnownFileType = sourcecode.c.h; path = ModalController.h; sourceTree = "<group>"; };
		1818D5011CF938EE000A539E /* ModalController.m */ = {isa = PBXFileReference; fileEncoding = 4; lastKnownFileType = sourcecode.c.objc; path = ModalController.m; sourceTree = "<group>"; };
		1818D5051CF93C6F000A539E /* 123.png */ = {isa = PBXFileReference; lastKnownFileType = image.png; path = 123.png; sourceTree = "<group>"; };
		1818D5071CF94440000A539E /* ModalItem.h */ = {isa = PBXFileReference; fileEncoding = 4; lastKnownFileType = sourcecode.c.h; path = ModalItem.h; sourceTree = "<group>"; };
		1818D5081CF94440000A539E /* ModalItem.m */ = {isa = PBXFileReference; fileEncoding = 4; lastKnownFileType = sourcecode.c.objc; path = ModalItem.m; sourceTree = "<group>"; };
		1818D50B1CF94C7C000A539E /* addMatters@2x.png */ = {isa = PBXFileReference; lastKnownFileType = image.png; path = "addMatters@2x.png"; sourceTree = "<group>"; };
		1818D50C1CF94C7C000A539E /* addMatters@3x.png */ = {isa = PBXFileReference; lastKnownFileType = image.png; path = "addMatters@3x.png"; sourceTree = "<group>"; };
		1818D50D1CF94C7C000A539E /* addSchedule@2x.png */ = {isa = PBXFileReference; lastKnownFileType = image.png; path = "addSchedule@2x.png"; sourceTree = "<group>"; };
		1818D50E1CF94C7C000A539E /* addSchedule@3x.png */ = {isa = PBXFileReference; lastKnownFileType = image.png; path = "addSchedule@3x.png"; sourceTree = "<group>"; };
		1818D5101CF94C7C000A539E /* searchContacts@2x.png */ = {isa = PBXFileReference; lastKnownFileType = image.png; path = "searchContacts@2x.png"; sourceTree = "<group>"; };
		1818D5111CF94C7C000A539E /* searchContacts@3x.png */ = {isa = PBXFileReference; lastKnownFileType = image.png; path = "searchContacts@3x.png"; sourceTree = "<group>"; };
		1818D5121CF94C7C000A539E /* setupChat@2x.png */ = {isa = PBXFileReference; lastKnownFileType = image.png; path = "setupChat@2x.png"; sourceTree = "<group>"; };
		1818D5131CF94C7C000A539E /* setupChat@3x.png */ = {isa = PBXFileReference; lastKnownFileType = image.png; path = "setupChat@3x.png"; sourceTree = "<group>"; };
/* End PBXFileReference section */

/* Begin PBXFrameworksBuildPhase section */
		1818D4DF1CF937AB000A539E /* Frameworks */ = {
			isa = PBXFrameworksBuildPhase;
			buildActionMask = 2147483647;
			files = (
			);
			runOnlyForDeploymentPostprocessing = 0;
		};
/* End PBXFrameworksBuildPhase section */

/* Begin PBXGroup section */
		1818D4D91CF937AB000A539E = {
			isa = PBXGroup;
			children = (
				1818D4E41CF937AB000A539E /* WeiBoDemo */,
				1818D4E31CF937AB000A539E /* Products */,
			);
			sourceTree = "<group>";
		};
		1818D4E31CF937AB000A539E /* Products */ = {
			isa = PBXGroup;
			children = (
				1818D4E21CF937AB000A539E /* WeiBoDemo.app */,
			);
			name = Products;
			sourceTree = "<group>";
		};
		1818D4E41CF937AB000A539E /* WeiBoDemo */ = {
			isa = PBXGroup;
			children = (
				1818D5051CF93C6F000A539E /* 123.png */,
				1818D4FC1CF93862000A539E /* Class */,
				1818D4E81CF937AB000A539E /* AppDelegate.h */,
				1818D4E91CF937AB000A539E /* AppDelegate.m */,
				1818D4EB1CF937AB000A539E /* ViewController.h */,
				1818D4EC1CF937AB000A539E /* ViewController.m */,
				1818D4EE1CF937AB000A539E /* Main.storyboard */,
				1818D50A1CF94C7C000A539E /* Resources */,
				1818D4F11CF937AB000A539E /* Assets.xcassets */,
				1818D4F31CF937AB000A539E /* LaunchScreen.storyboard */,
				1818D4F61CF937AB000A539E /* Info.plist */,
				1818D4E51CF937AB000A539E /* Supporting Files */,
			);
			path = WeiBoDemo;
			sourceTree = "<group>";
		};
		1818D4E51CF937AB000A539E /* Supporting Files */ = {
			isa = PBXGroup;
			children = (
				1818D4E61CF937AB000A539E /* main.m */,
			);
			name = "Supporting Files";
			sourceTree = "<group>";
		};
		1818D4FC1CF93862000A539E /* Class */ = {
			isa = PBXGroup;
			children = (
				1818D5001CF938EE000A539E /* ModalController.h */,
				1818D5011CF938EE000A539E /* ModalController.m */,
				1818D5071CF94440000A539E /* ModalItem.h */,
				1818D5081CF94440000A539E /* ModalItem.m */,
			);
			path = Class;
			sourceTree = "<group>";
		};
		1818D50A1CF94C7C000A539E /* Resources */ = {
			isa = PBXGroup;
			children = (
				1818D50B1CF94C7C000A539E /* addMatters@2x.png */,
				1818D50C1CF94C7C000A539E /* addMatters@3x.png */,
				1818D50D1CF94C7C000A539E /* addSchedule@2x.png */,
				1818D50E1CF94C7C000A539E /* addSchedule@3x.png */,
				1818D5101CF94C7C000A539E /* searchContacts@2x.png */,
				1818D5111CF94C7C000A539E /* searchContacts@3x.png */,
				1818D5121CF94C7C000A539E /* setupChat@2x.png */,
				1818D5131CF94C7C000A539E /* setupChat@3x.png */,
			);
			path = Resources;
			sourceTree = "<group>";
		};
/* End PBXGroup section */

/* Begin PBXNativeTarget section */
		1818D4E11CF937AB000A539E /* WeiBoDemo */ = {
			isa = PBXNativeTarget;
			buildConfigurationList = 1818D4F91CF937AB000A539E /* Build configuration list for PBXNativeTarget "WeiBoDemo" */;
			buildPhases = (
				1818D4DE1CF937AB000A539E /* Sources */,
				1818D4DF1CF937AB000A539E /* Frameworks */,
				1818D4E01CF937AB000A539E /* Resources */,
			);
			buildRules = (
			);
			dependencies = (
			);
			name = WeiBoDemo;
			productName = WeiBoDemo;
			productReference = 1818D4E21CF937AB000A539E /* WeiBoDemo.app */;
			productType = "com.apple.product-type.application";
		};
/* End PBXNativeTarget section */

/* Begin PBXProject section */
		1818D4DA1CF937AB000A539E /* Project object */ = {
			isa = PBXProject;
			attributes = {
				LastUpgradeCheck = 0730;
				ORGANIZATIONNAME = Apple;
				TargetAttributes = {
					1818D4E11CF937AB000A539E = {
						CreatedOnToolsVersion = 7.3;
						DevelopmentTeam = KNCBZKMS4W;
					};
				};
			};
			buildConfigurationList = 1818D4DD1CF937AB000A539E /* Build configuration list for PBXProject "WeiBoDemo" */;
			compatibilityVersion = "Xcode 3.2";
			developmentRegion = English;
			hasScannedForEncodings = 0;
			knownRegions = (
				en,
				Base,
			);
			mainGroup = 1818D4D91CF937AB000A539E;
			productRefGroup = 1818D4E31CF937AB000A539E /* Products */;
			projectDirPath = "";
			projectRoot = "";
			targets = (
				1818D4E11CF937AB000A539E /* WeiBoDemo */,
			);
		};
/* End PBXProject section */

/* Begin PBXResourcesBuildPhase section */
		1818D4E01CF937AB000A539E /* Resources */ = {
			isa = PBXResourcesBuildPhase;
			buildActionMask = 2147483647;
			files = (
				1818D4F51CF937AB000A539E /* LaunchScreen.storyboard in Resources */,
				1818D5141CF94C7C000A539E /* addMatters@2x.png in Resources */,
				1818D5161CF94C7C000A539E /* addSchedule@2x.png in Resources */,
				1818D5151CF94C7C000A539E /* addMatters@3x.png in Resources */,
				1818D51A1CF94C7C000A539E /* searchContacts@3x.png in Resources */,
				1818D51B1CF94C7C000A539E /* setupChat@2x.png in Resources */,
				1818D4F21CF937AB000A539E /* Assets.xcassets in Resources */,
				1818D51C1CF94C7C000A539E /* setupChat@3x.png in Resources */,
				1818D4F01CF937AB000A539E /* Main.storyboard in Resources */,
				1818D5171CF94C7C000A539E /* addSchedule@3x.png in Resources */,
				1818D5061CF93C6F000A539E /* 123.png in Resources */,
				1818D5191CF94C7C000A539E /* searchContacts@2x.png in Resources */,
			);
			runOnlyForDeploymentPostprocessing = 0;
		};
/* End PBXResourcesBuildPhase section */

/* Begin PBXSourcesBuildPhase section */
		1818D4DE1CF937AB000A539E /* Sources */ = {
			isa = PBXSourcesBuildPhase;
			buildActionMask = 2147483647;
			files = (
				1818D4ED1CF937AB000A539E /* ViewController.m in Sources */,
				1818D5021CF938EE000A539E /* ModalController.m in Sources */,
				1818D4EA1CF937AB000A539E /* AppDelegate.m in Sources */,
				1818D5091CF94440000A539E /* ModalItem.m in Sources */,
				1818D4E71CF937AB000A539E /* main.m in Sources */,
			);
			runOnlyForDeploymentPostprocessing = 0;
		};
/* End PBXSourcesBuildPhase section */

/* Begin PBXVariantGroup section */
		1818D4EE1CF937AB000A539E /* Main.storyboard */ = {
			isa = PBXVariantGroup;
			children = (
				1818D4EF1CF937AB000A539E /* Base */,
			);
			name = Main.storyboard;
			sourceTree = "<group>";
		};
		1818D4F31CF937AB000A539E /* LaunchScreen.storyboard */ = {
			isa = PBXVariantGroup;
			children = (
				1818D4F41CF937AB000A539E /* Base */,
			);
			name = LaunchScreen.storyboard;
			sourceTree = "<group>";
		};
/* End PBXVariantGroup section */

/* Begin XCBuildConfiguration section */
		1818D4F71CF937AB000A539E /* Debug */ = {
			isa = XCBuildConfiguration;
			buildSettings = {
				ALWAYS_SEARCH_USER_PATHS = NO;
				CLANG_ANALYZER_NONNULL = YES;
				CLANG_CXX_LANGUAGE_STANDARD = "gnu++0x";
				CLANG_CXX_LIBRARY = "libc++";
				CLANG_ENABLE_MODULES = YES;
				CLANG_ENABLE_OBJC_ARC = YES;
				CLANG_WARN_BOOL_CONVERSION = YES;
				CLANG_WARN_CONSTANT_CONVERSION = YES;
				CLANG_WARN_DIRECT_OBJC_ISA_USAGE = YES_ERROR;
				CLANG_WARN_EMPTY_BODY = YES;
				CLANG_WARN_ENUM_CONVERSION = YES;
				CLANG_WARN_INT_CONVERSION = YES;
				CLANG_WARN_OBJC_ROOT_CLASS = YES_ERROR;
				CLANG_WARN_UNREACHABLE_CODE = YES;
				CLANG_WARN__DUPLICATE_METHOD_MATCH = YES;
				"CODE_SIGN_IDENTITY[sdk=iphoneos*]" = "iPhone Developer";
				COPY_PHASE_STRIP = NO;
				DEBUG_INFORMATION_FORMAT = dwarf;
				ENABLE_STRICT_OBJC_MSGSEND = YES;
				ENABLE_TESTABILITY = YES;
				GCC_C_LANGUAGE_STANDARD = gnu99;
				GCC_DYNAMIC_NO_PIC = NO;
				GCC_NO_COMMON_BLOCKS = YES;
				GCC_OPTIMIZATION_LEVEL = 0;
				GCC_PREPROCESSOR_DEFINITIONS = (
					"DEBUG=1",
					"$(inherited)",
				);
				GCC_WARN_64_TO_32_BIT_CONVERSION = YES;
				GCC_WARN_ABOUT_RETURN_TYPE = YES_ERROR;
				GCC_WARN_UNDECLARED_SELECTOR = YES;
				GCC_WARN_UNINITIALIZED_AUTOS = YES_AGGRESSIVE;
				GCC_WARN_UNUSED_FUNCTION = YES;
				GCC_WARN_UNUSED_VARIABLE = YES;
				IPHONEOS_DEPLOYMENT_TARGET = 9.3;
				MTL_ENABLE_DEBUG_INFO = YES;
				ONLY_ACTIVE_ARCH = YES;
				SDKROOT = iphoneos;
			};
			name = Debug;
		};
		1818D4F81CF937AB000A539E /* Release */ = {
			isa = XCBuildConfiguration;
			buildSettings = {
				ALWAYS_SEARCH_USER_PATHS = NO;
				CLANG_ANALYZER_NONNULL = YES;
				CLANG_CXX_LANGUAGE_STANDARD = "gnu++0x";
				CLANG_CXX_LIBRARY = "libc++";
				CLANG_ENABLE_MODULES = YES;
				CLANG_ENABLE_OBJC_ARC = YES;
				CLANG_WARN_BOOL_CONVERSION = YES;
				CLANG_WARN_CONSTANT_CONVERSION = YES;
				CLANG_WARN_DIRECT_OBJC_ISA_USAGE = YES_ERROR;
				CLANG_WARN_EMPTY_BODY = YES;
				CLANG_WARN_ENUM_CONVERSION = YES;
				CLANG_WARN_INT_CONVERSION = YES;
				CLANG_WARN_OBJC_ROOT_CLASS = YES_ERROR;
				CLANG_WARN_UNREACHABLE_CODE = YES;
				CLANG_WARN__DUPLICATE_METHOD_MATCH = YES;
				"CODE_SIGN_IDENTITY[sdk=iphoneos*]" = "iPhone Developer";
				COPY_PHASE_STRIP = NO;
				DEBUG_INFORMATION_FORMAT = "dwarf-with-dsym";
				ENABLE_NS_ASSERTIONS = NO;
				ENABLE_STRICT_OBJC_MSGSEND = YES;
				GCC_C_LANGUAGE_STANDARD = gnu99;
				GCC_NO_COMMON_BLOCKS = YES;
				GCC_WARN_64_TO_32_BIT_CONVERSION = YES;
				GCC_WARN_ABOUT_RETURN_TYPE = YES_ERROR;
				GCC_WARN_UNDECLARED_SELECTOR = YES;
				GCC_WARN_UNINITIALIZED_AUTOS = YES_AGGRESSIVE;
				GCC_WARN_UNUSED_FUNCTION = YES;
				GCC_WARN_UNUSED_VARIABLE = YES;
				IPHONEOS_DEPLOYMENT_TARGET = 9.3;
				MTL_ENABLE_DEBUG_INFO = NO;
				SDKROOT = iphoneos;
				VALIDATE_PRODUCT = YES;
			};
			name = Release;
		};
		1818D4FA1CF937AB000A539E /* Debug */ = {
			isa = XCBuildConfiguration;
			buildSettings = {
				ASSETCATALOG_COMPILER_APPICON_NAME = AppIcon;
				INFOPLIST_FILE = WeiBoDemo/Info.plist;
				LD_RUNPATH_SEARCH_PATHS = "$(inherited) @executable_path/Frameworks";
				PRODUCT_BUNDLE_IDENTIFIER = com.jg.WeiBoDemo;
				PRODUCT_NAME = "$(TARGET_NAME)";
			};
			name = Debug;
		};
		1818D4FB1CF937AB000A539E /* Release */ = {
			isa = XCBuildConfiguration;
			buildSettings = {
				ASSETCATALOG_COMPILER_APPICON_NAME = AppIcon;
				INFOPLIST_FILE = WeiBoDemo/Info.plist;
				LD_RUNPATH_SEARCH_PATHS = "$(inherited) @executable_path/Frameworks";
				PRODUCT_BUNDLE_IDENTIFIER = com.jg.WeiBoDemo;
				PRODUCT_NAME = "$(TARGET_NAME)";
			};
			name = Release;
		};
/* End XCBuildConfiguration section */

/* Begin XCConfigurationList section */
		1818D4DD1CF937AB000A539E /* Build configuration list for PBXProject "WeiBoDemo" */ = {
			isa = XCConfigurationList;
			buildConfigurations = (
				1818D4F71CF937AB000A539E /* Debug */,
				1818D4F81CF937AB000A539E /* Release */,
			);
			defaultConfigurationIsVisible = 0;
			defaultConfigurationName = Release;
		};
		1818D4F91CF937AB000A539E /* Build configuration list for PBXNativeTarget "WeiBoDemo" */ = {
			isa = XCConfigurationList;
			buildConfigurations = (
				1818D4FA1CF937AB000A539E /* Debug */,
				1818D4FB1CF937AB000A539E /* Release */,
			);
			defaultConfigurationIsVisible = 0;
		};
/* End XCConfigurationList section */
	};
	rootObject = 1818D4DA1CF937AB000A539E /* Project object */;
}
